<?xml version="1.0" encoding="UTF-8" standalone="yes" ?>
<CodeBlocks_project_file>
	<FileVersion major="1" minor="6" />
	<Project>
		<Option title="UE103_project" />
		<Option pch_mode="2" />
		<Option compiler="gcc" />
		<Build>
			<Target title="Debug">
				<Option output="bin/Debug/UE103_project" prefix_auto="1" extension_auto="1" />
				<Option object_output="obj/Debug/" />
				<Option type="1" />
				<Option compiler="gcc" />
				<Compiler>
					<Add option="-g" />
				</Compiler>
			</Target>
			<Target title="Release">
				<Option output="bin/Release/UE103_project" prefix_auto="1" extension_auto="1" />
				<Option object_output="obj/Release/" />
				<Option type="1" />
				<Option compiler="gcc" />
				<Compiler>
					<Add option="-O2" />
				</Compiler>
				<Linker>
					<Add option="-s" />
				</Linker>
			</Target>
		</Build>
		<Compiler>
			<Add option="-Wall" />
		</Compiler>
		<Unit filename="constructeurBDD.c">
			<Option compilerVar="CC" />
		</Unit>
		<Unit filename="constructeurBDD.h" />
		<Unit filename="img_reconstruct.c">
			<Option compilerVar="CC" />
		</Unit>
		<Unit filename="img_reconstruct.h" />
		<Unit filename="legendre.c">
			<Option compilerVar="CC" />
		</Unit>
		<Unit filename="legendre.h" />
		<Unit filename="linkage.h" />
		<Unit filename="listeSC.c">
			<Option compilerVar="CC" />
		</Unit>
		<Unit filename="listeSC.h" />
		<Unit filename="main.c">
			<Option compilerVar="CC" />
		</Unit>
		<Unit filename="moment_geometrique.c">
			<Option compilerVar="CC" />
		</Unit>
		<Unit filename="moment_geometrique.h" />
		<Unit filename="myBmpGris.c">
			<Option compilerVar="CC" />
		</Unit>
		<Unit filename="myBmpGris.h" />
		<Unit filename="tools.c">
			<Option compilerVar="CC" />
		</Unit>
		<Unit filename="tools.h" />
		<Extensions>
			<lib_finder disable_auto="1" />
		</Extensions>
	</Project>
</CodeBlocks_project_file>
